
Microsoft Visual Studio Solution File, Format Version 12.00
# Visual Studio Version 16
VisualStudioVersion = 16.0.810.19
MinimumVisualStudioVersion = 10.0.40219.1
Project("{FAE04EC0-301F-11D3-BF4B-00C04F79EFBC}") = "homework2", "homework2.csproj", "{001AE9F3-768C-43BC-996A-701B6004F3E8}"
EndProject
Global
	GlobalSection(SolutionConfigurationPlatforms) = preSolution
		Debug|Any CPU = Debug|Any CPU
		Release|Any CPU = Release|Any CPU
	EndGlobalSection
	GlobalSection(ProjectConfigurationPlatforms) = postSolution
		{001AE9F3-768C-43BC-996A-701B6004F3E8}.Debug|Any CPU.ActiveCfg = Debug|Any CPU
		{001AE9F3-768C-43BC-996A-701B6004F3E8}.Debug|Any CPU.Build.0 = Debug|Any CPU
		{001AE9F3-768C-43BC-996A-701B6004F3E8}.Release|Any CPU.ActiveCfg = Release|Any CPU
		{001AE9F3-768C-43BC-996A-701B6004F3E8}.Release|Any CPU.Build.0 = Release|Any CPU
	EndGlobalSection
	GlobalSection(SolutionProperties) = preSolution
		HideSolutionNode = FALSE
	EndGlobalSection
	GlobalSection(ExtensibilityGlobals) = postSolution
		SolutionGuid = {2FE7397E-F158-44CD-B971-F64654144F21}
	EndGlobalSection
EndGlobal
